// !$*UTF8*$!
{
	archiveVersion = 1;
	classes = {
	};
	objectVersion = 50;
	objects = {

/* Begin PBXBuildFile section */
		89256B4825DEE0FC00E567F0 /* AppDelegate.swift in Sources */ = {isa = PBXBuildFile; fileRef = 89256B4725DEE0FC00E567F0 /* AppDelegate.swift */; };
		89256B4A25DEE0FC00E567F0 /* SceneDelegate.swift in Sources */ = {isa = PBXBuildFile; fileRef = 89256B4925DEE0FC00E567F0 /* SceneDelegate.swift */; };
		89256B4C25DEE0FC00E567F0 /* ViewController.swift in Sources */ = {isa = PBXBuildFile; fileRef = 89256B4B25DEE0FC00E567F0 /* ViewController.swift */; };
		89256B4F25DEE0FC00E567F0 /* Main.storyboard in Resources */ = {isa = PBXBuildFile; fileRef = 89256B4D25DEE0FC00E567F0 /* Main.storyboard */; };
		89256B5125DEE0FC00E567F0 /* Assets.xcassets in Resources */ = {isa = PBXBuildFile; fileRef = 89256B5025DEE0FC00E567F0 /* Assets.xcassets */; };
		89256B5425DEE0FC00E567F0 /* LaunchScreen.storyboard in Resources */ = {isa = PBXBuildFile; fileRef = 89256B5225DEE0FC00E567F0 /* LaunchScreen.storyboard */; };
		89256B5E25DEEAE900E567F0 /* Home.storyboard in Resources */ = {isa = PBXBuildFile; fileRef = 89256B5D25DEEAE900E567F0 /* Home.storyboard */; };
		89256B6125DEEB1D00E567F0 /* Prevention.storyboard in Resources */ = {isa = PBXBuildFile; fileRef = 89256B6025DEEB1D00E567F0 /* Prevention.storyboard */; };
		89256B6425DEEB3900E567F0 /* Tests.storyboard in Resources */ = {isa = PBXBuildFile; fileRef = 89256B6325DEEB3900E567F0 /* Tests.storyboard */; };
		89256B6725DEEB5C00E567F0 /* Care.storyboard in Resources */ = {isa = PBXBuildFile; fileRef = 89256B6625DEEB5C00E567F0 /* Care.storyboard */; };
		89282A7725E05A8800FE2029 /* Post.swift in Sources */ = {isa = PBXBuildFile; fileRef = 89282A7625E05A8800FE2029 /* Post.swift */; };
		89282A7B25E05B2700FE2029 /* Data.swift in Sources */ = {isa = PBXBuildFile; fileRef = 89282A7A25E05B2700FE2029 /* Data.swift */; };
		89282A8025E07A1C00FE2029 /* TabViewController.swift in Sources */ = {isa = PBXBuildFile; fileRef = 89282A7F25E07A1C00FE2029 /* TabViewController.swift */; };
		89282A8525E07AA500FE2029 /* Posts.json in Resources */ = {isa = PBXBuildFile; fileRef = 89282A8425E07AA500FE2029 /* Posts.json */; };
		89282A8825E0803D00FE2029 /* Tabs.json in Resources */ = {isa = PBXBuildFile; fileRef = 89282A8725E0803D00FE2029 /* Tabs.json */; };
		89282A8C25E0807300FE2029 /* Tab.swift in Sources */ = {isa = PBXBuildFile; fileRef = 89282A8B25E0807300FE2029 /* Tab.swift */; };
		89908C8625E5869E00B8BEFD /* PostViewController.swift in Sources */ = {isa = PBXBuildFile; fileRef = 89908C8525E5869E00B8BEFD /* PostViewController.swift */; };
		89908C8A25E587A700B8BEFD /* UIViewController.swift in Sources */ = {isa = PBXBuildFile; fileRef = 89908C8925E587A700B8BEFD /* UIViewController.swift */; };
		89908C8F25E6C3FC00B8BEFD /* UIColor.swift in Sources */ = {isa = PBXBuildFile; fileRef = 89908C8E25E6C3FC00B8BEFD /* UIColor.swift */; };
/* End PBXBuildFile section */

/* Begin PBXFileReference section */
		89256B4425DEE0FC00E567F0 /* Nano-05.app */ = {isa = PBXFileReference; explicitFileType = wrapper.application; includeInIndex = 0; path = "Nano-05.app"; sourceTree = BUILT_PRODUCTS_DIR; };
		89256B4725DEE0FC00E567F0 /* AppDelegate.swift */ = {isa = PBXFileReference; lastKnownFileType = sourcecode.swift; path = AppDelegate.swift; sourceTree = "<group>"; };
		89256B4925DEE0FC00E567F0 /* SceneDelegate.swift */ = {isa = PBXFileReference; lastKnownFileType = sourcecode.swift; path = SceneDelegate.swift; sourceTree = "<group>"; };
		89256B4B25DEE0FC00E567F0 /* ViewController.swift */ = {isa = PBXFileReference; lastKnownFileType = sourcecode.swift; path = ViewController.swift; sourceTree = "<group>"; };
		89256B4E25DEE0FC00E567F0 /* Base */ = {isa = PBXFileReference; lastKnownFileType = file.storyboard; name = Base; path = Base.lproj/Main.storyboard; sourceTree = "<group>"; };
		89256B5025DEE0FC00E567F0 /* Assets.xcassets */ = {isa = PBXFileReference; lastKnownFileType = folder.assetcatalog; path = Assets.xcassets; sourceTree = "<group>"; };
		89256B5325DEE0FC00E567F0 /* Base */ = {isa = PBXFileReference; lastKnownFileType = file.storyboard; name = Base; path = Base.lproj/LaunchScreen.storyboard; sourceTree = "<group>"; };
		89256B5525DEE0FC00E567F0 /* Info.plist */ = {isa = PBXFileReference; lastKnownFileType = text.plist.xml; path = Info.plist; sourceTree = "<group>"; };
		89256B5D25DEEAE900E567F0 /* Home.storyboard */ = {isa = PBXFileReference; lastKnownFileType = file.storyboard; path = Home.storyboard; sourceTree = "<group>"; };
		89256B6025DEEB1D00E567F0 /* Prevention.storyboard */ = {isa = PBXFileReference; lastKnownFileType = file.storyboard; path = Prevention.storyboard; sourceTree = "<group>"; };
		89256B6325DEEB3900E567F0 /* Tests.storyboard */ = {isa = PBXFileReference; lastKnownFileType = file.storyboard; path = Tests.storyboard; sourceTree = "<group>"; };
		89256B6625DEEB5C00E567F0 /* Care.storyboard */ = {isa = PBXFileReference; lastKnownFileType = file.storyboard; path = Care.storyboard; sourceTree = "<group>"; };
		89282A7625E05A8800FE2029 /* Post.swift */ = {isa = PBXFileReference; lastKnownFileType = sourcecode.swift; path = Post.swift; sourceTree = "<group>"; };
		89282A7A25E05B2700FE2029 /* Data.swift */ = {isa = PBXFileReference; lastKnownFileType = sourcecode.swift; path = Data.swift; sourceTree = "<group>"; };
		89282A7F25E07A1C00FE2029 /* TabViewController.swift */ = {isa = PBXFileReference; lastKnownFileType = sourcecode.swift; path = TabViewController.swift; sourceTree = "<group>"; };
		89282A8425E07AA500FE2029 /* Posts.json */ = {isa = PBXFileReference; lastKnownFileType = text.json; path = Posts.json; sourceTree = "<group>"; };
		89282A8725E0803D00FE2029 /* Tabs.json */ = {isa = PBXFileReference; lastKnownFileType = text.json; path = Tabs.json; sourceTree = "<group>"; };
		89282A8B25E0807300FE2029 /* Tab.swift */ = {isa = PBXFileReference; lastKnownFileType = sourcecode.swift; path = Tab.swift; sourceTree = "<group>"; };
		89908C8525E5869E00B8BEFD /* PostViewController.swift */ = {isa = PBXFileReference; lastKnownFileType = sourcecode.swift; path = PostViewController.swift; sourceTree = "<group>"; };
		89908C8925E587A700B8BEFD /* UIViewController.swift */ = {isa = PBXFileReference; lastKnownFileType = sourcecode.swift; path = UIViewController.swift; sourceTree = "<group>"; };
		89908C8E25E6C3FC00B8BEFD /* UIColor.swift */ = {isa = PBXFileReference; lastKnownFileType = sourcecode.swift; path = UIColor.swift; sourceTree = "<group>"; };
/* End PBXFileReference section */

/* Begin PBXFrameworksBuildPhase section */
		89256B4125DEE0FC00E567F0 /* Frameworks */ = {
			isa = PBXFrameworksBuildPhase;
			buildActionMask = 2147483647;
			files = (
			);
			runOnlyForDeploymentPostprocessing = 0;
		};
/* End PBXFrameworksBuildPhase section */

/* Begin PBXGroup section */
		89256B3B25DEE0FB00E567F0 = {
			isa = PBXGroup;
			children = (
				89256B4625DEE0FC00E567F0 /* Nano-05 */,
				89256B4525DEE0FC00E567F0 /* Products */,
			);
			sourceTree = "<group>";
		};
		89256B4525DEE0FC00E567F0 /* Products */ = {
			isa = PBXGroup;
			children = (
				89256B4425DEE0FC00E567F0 /* Nano-05.app */,
			);
			name = Products;
			sourceTree = "<group>";
		};
		89256B4625DEE0FC00E567F0 /* Nano-05 */ = {
			isa = PBXGroup;
			children = (
				89908C8825E5879000B8BEFD /* Extensions */,
				89282A8325E07A7B00FE2029 /* Resorces */,
				89282A7E25E079C400FE2029 /* ViewControllers */,
				89282A7525E05A3600FE2029 /* Model */,
				89256B5C25DEEA9A00E567F0 /* Storyboards */,
				89256B4725DEE0FC00E567F0 /* AppDelegate.swift */,
				89256B4925DEE0FC00E567F0 /* SceneDelegate.swift */,
				89256B4B25DEE0FC00E567F0 /* ViewController.swift */,
				89256B5025DEE0FC00E567F0 /* Assets.xcassets */,
				89256B5225DEE0FC00E567F0 /* LaunchScreen.storyboard */,
				89256B5525DEE0FC00E567F0 /* Info.plist */,
			);
			path = "Nano-05";
			sourceTree = "<group>";
		};
		89256B5C25DEEA9A00E567F0 /* Storyboards */ = {
			isa = PBXGroup;
			children = (
				89256B4D25DEE0FC00E567F0 /* Main.storyboard */,
				89256B5D25DEEAE900E567F0 /* Home.storyboard */,
				89256B6025DEEB1D00E567F0 /* Prevention.storyboard */,
				89256B6325DEEB3900E567F0 /* Tests.storyboard */,
				89256B6625DEEB5C00E567F0 /* Care.storyboard */,
			);
			path = Storyboards;
			sourceTree = "<group>";
		};
		89282A7525E05A3600FE2029 /* Model */ = {
			isa = PBXGroup;
			children = (
				89282A7625E05A8800FE2029 /* Post.swift */,
				89282A7A25E05B2700FE2029 /* Data.swift */,
				89282A8B25E0807300FE2029 /* Tab.swift */,
			);
			path = Model;
			sourceTree = "<group>";
		};
		89282A7E25E079C400FE2029 /* ViewControllers */ = {
			isa = PBXGroup;
			children = (
				89282A7F25E07A1C00FE2029 /* TabViewController.swift */,
				89908C8525E5869E00B8BEFD /* PostViewController.swift */,
			);
			path = ViewControllers;
			sourceTree = "<group>";
		};
		89282A8325E07A7B00FE2029 /* Resorces */ = {
			isa = PBXGroup;
			children = (
				89282A8425E07AA500FE2029 /* Posts.json */,
				89282A8725E0803D00FE2029 /* Tabs.json */,
			);
			path = Resorces;
			sourceTree = "<group>";
		};
		89908C8825E5879000B8BEFD /* Extensions */ = {
			isa = PBXGroup;
			children = (
				89908C8925E587A700B8BEFD /* UIViewController.swift */,
				89908C8E25E6C3FC00B8BEFD /* UIColor.swift */,
			);
			path = Extensions;
			sourceTree = "<group>";
		};
/* End PBXGroup section */

/* Begin PBXNativeTarget section */
		89256B4325DEE0FC00E567F0 /* Nano-05 */ = {
			isa = PBXNativeTarget;
			buildConfigurationList = 89256B5825DEE0FC00E567F0 /* Build configuration list for PBXNativeTarget "Nano-05" */;
			buildPhases = (
				89256B4025DEE0FC00E567F0 /* Sources */,
				89256B4125DEE0FC00E567F0 /* Frameworks */,
				89256B4225DEE0FC00E567F0 /* Resources */,
			);
			buildRules = (
			);
			dependencies = (
			);
			name = "Nano-05";
			productName = "Nano-05";
			productReference = 89256B4425DEE0FC00E567F0 /* Nano-05.app */;
			productType = "com.apple.product-type.application";
		};
/* End PBXNativeTarget section */

/* Begin PBXProject section */
		89256B3C25DEE0FB00E567F0 /* Project object */ = {
			isa = PBXProject;
			attributes = {
				LastSwiftUpdateCheck = 1240;
				LastUpgradeCheck = 1240;
				TargetAttributes = {
					89256B4325DEE0FC00E567F0 = {
						CreatedOnToolsVersion = 12.4;
					};
				};
			};
			buildConfigurationList = 89256B3F25DEE0FB00E567F0 /* Build configuration list for PBXProject "Nano-05" */;
			compatibilityVersion = "Xcode 9.3";
			developmentRegion = en;
			hasScannedForEncodings = 0;
			knownRegions = (
				en,
				Base,
			);
			mainGroup = 89256B3B25DEE0FB00E567F0;
			productRefGroup = 89256B4525DEE0FC00E567F0 /* Products */;
			projectDirPath = "";
			projectRoot = "";
			targets = (
				89256B4325DEE0FC00E567F0 /* Nano-05 */,
			);
		};
/* End PBXProject section */

/* Begin PBXResourcesBuildPhase section */
		89256B4225DEE0FC00E567F0 /* Resources */ = {
			isa = PBXResourcesBuildPhase;
			buildActionMask = 2147483647;
			files = (
				89256B6725DEEB5C00E567F0 /* Care.storyboard in Resources */,
				89256B5425DEE0FC00E567F0 /* LaunchScreen.storyboard in Resources */,
				89256B5125DEE0FC00E567F0 /* Assets.xcassets in Resources */,
				89282A8525E07AA500FE2029 /* Posts.json in Resources */,
				89256B4F25DEE0FC00E567F0 /* Main.storyboard in Resources */,
				89256B5E25DEEAE900E567F0 /* Home.storyboard in Resources */,
				89282A8825E0803D00FE2029 /* Tabs.json in Resources */,
				89256B6425DEEB3900E567F0 /* Tests.storyboard in Resources */,
				89256B6125DEEB1D00E567F0 /* Prevention.storyboard in Resources */,
			);
			runOnlyForDeploymentPostprocessing = 0;
		};
/* End PBXResourcesBuildPhase section */

/* Begin PBXSourcesBuildPhase section */
		89256B4025DEE0FC00E567F0 /* Sources */ = {
			isa = PBXSourcesBuildPhase;
			buildActionMask = 2147483647;
			files = (
				89908C8625E5869E00B8BEFD /* PostViewController.swift in Sources */,
				89282A8C25E0807300FE2029 /* Tab.swift in Sources */,
				89908C8A25E587A700B8BEFD /* UIViewController.swift in Sources */,
				89282A8025E07A1C00FE2029 /* TabViewController.swift in Sources */,
				89256B4C25DEE0FC00E567F0 /* ViewController.swift in Sources */,
				89282A7B25E05B2700FE2029 /* Data.swift in Sources */,
				89282A7725E05A8800FE2029 /* Post.swift in Sources */,
				89256B4825DEE0FC00E567F0 /* AppDelegate.swift in Sources */,
				89256B4A25DEE0FC00E567F0 /* SceneDelegate.swift in Sources */,
				89908C8F25E6C3FC00B8BEFD /* UIColor.swift in Sources */,
			);
			runOnlyForDeploymentPostprocessing = 0;
		};
/* End PBXSourcesBuildPhase section */

/* Begin PBXVariantGroup section */
		89256B4D25DEE0FC00E567F0 /* Main.storyboard */ = {
			isa = PBXVariantGroup;
			children = (
				89256B4E25DEE0FC00E567F0 /* Base */,
			);
			name = Main.storyboard;
			sourceTree = "<group>";
		};
		89256B5225DEE0FC00E567F0 /* LaunchScreen.storyboard */ = {
			isa = PBXVariantGroup;
			children = (
				89256B5325DEE0FC00E567F0 /* Base */,
			);
			name = LaunchScreen.storyboard;
			sourceTree = "<group>";
		};
/* End PBXVariantGroup section */

/* Begin XCBuildConfiguration section */
		89256B5625DEE0FC00E567F0 /* Debug */ = {
			isa = XCBuildConfiguration;
			buildSettings = {
				ALWAYS_SEARCH_USER_PATHS = NO;
				CLANG_ANALYZER_NONNULL = YES;
				CLANG_ANALYZER_NUMBER_OBJECT_CONVERSION = YES_AGGRESSIVE;
				CLANG_CXX_LANGUAGE_STANDARD = "gnu++14";
				CLANG_CXX_LIBRARY = "libc++";
				CLANG_ENABLE_MODULES = YES;
				CLANG_ENABLE_OBJC_ARC = YES;
				CLANG_ENABLE_OBJC_WEAK = YES;
				CLANG_WARN_BLOCK_CAPTURE_AUTORELEASING = YES;
				CLANG_WARN_BOOL_CONVERSION = YES;
				CLANG_WARN_COMMA = YES;
				CLANG_WARN_CONSTANT_CONVERSION = YES;
				CLANG_WARN_DEPRECATED_OBJC_IMPLEMENTATIONS = YES;
				CLANG_WARN_DIRECT_OBJC_ISA_USAGE = YES_ERROR;
				CLANG_WARN_DOCUMENTATION_COMMENTS = YES;
				CLANG_WARN_EMPTY_BODY = YES;
				CLANG_WARN_ENUM_CONVERSION = YES;
				CLANG_WARN_INFINITE_RECURSION = YES;
				CLANG_WARN_INT_CONVERSION = YES;
				CLANG_WARN_NON_LITERAL_NULL_CONVERSION = YES;
				CLANG_WARN_OBJC_IMPLICIT_RETAIN_SELF = YES;
				CLANG_WARN_OBJC_LITERAL_CONVERSION = YES;
				CLANG_WARN_OBJC_ROOT_CLASS = YES_ERROR;
				CLANG_WARN_QUOTED_INCLUDE_IN_FRAMEWORK_HEADER = YES;
				CLANG_WARN_RANGE_LOOP_ANALYSIS = YES;
				CLANG_WARN_STRICT_PROTOTYPES = YES;
				CLANG_WARN_SUSPICIOUS_MOVE = YES;
				CLANG_WARN_UNGUARDED_AVAILABILITY = YES_AGGRESSIVE;
				CLANG_WARN_UNREACHABLE_CODE = YES;
				CLANG_WARN__DUPLICATE_METHOD_MATCH = YES;
				COPY_PHASE_STRIP = NO;
				DEBUG_INFORMATION_FORMAT = dwarf;
				ENABLE_STRICT_OBJC_MSGSEND = YES;
				ENABLE_TESTABILITY = YES;
				GCC_C_LANGUAGE_STANDARD = gnu11;
				GCC_DYNAMIC_NO_PIC = NO;
				GCC_NO_COMMON_BLOCKS = YES;
				GCC_OPTIMIZATION_LEVEL = 0;
				GCC_PREPROCESSOR_DEFINITIONS = (
					"DEBUG=1",
					"$(inherited)",
				);
				GCC_WARN_64_TO_32_BIT_CONVERSION = YES;
				GCC_WARN_ABOUT_RETURN_TYPE = YES_ERROR;
				GCC_WARN_UNDECLARED_SELECTOR = YES;
				GCC_WARN_UNINITIALIZED_AUTOS = YES_AGGRESSIVE;
				GCC_WARN_UNUSED_FUNCTION = YES;
				GCC_WARN_UNUSED_VARIABLE = YES;
				IPHONEOS_DEPLOYMENT_TARGET = 14.4;
				MTL_ENABLE_DEBUG_INFO = INCLUDE_SOURCE;
				MTL_FAST_MATH = YES;
				ONLY_ACTIVE_ARCH = YES;
				SDKROOT = iphoneos;
				SWIFT_ACTIVE_COMPILATION_CONDITIONS = DEBUG;
				SWIFT_OPTIMIZATION_LEVEL = "-Onone";
			};
			name = Debug;
		};
		89256B5725DEE0FC00E567F0 /* Release */ = {
			isa = XCBuildConfiguration;
			buildSettings = {
				ALWAYS_SEARCH_USER_PATHS = NO;
				CLANG_ANALYZER_NONNULL = YES;
				CLANG_ANALYZER_NUMBER_OBJECT_CONVERSION = YES_AGGRESSIVE;
				CLANG_CXX_LANGUAGE_STANDARD = "gnu++14";
				CLANG_CXX_LIBRARY = "libc++";
				CLANG_ENABLE_MODULES = YES;
				CLANG_ENABLE_OBJC_ARC = YES;
				CLANG_ENABLE_OBJC_WEAK = YES;
				CLANG_WARN_BLOCK_CAPTURE_AUTORELEASING = YES;
				CLANG_WARN_BOOL_CONVERSION = YES;
				CLANG_WARN_COMMA = YES;
				CLANG_WARN_CONSTANT_CONVERSION = YES;
				CLANG_WARN_DEPRECATED_OBJC_IMPLEMENTATIONS = YES;
				CLANG_WARN_DIRECT_OBJC_ISA_USAGE = YES_ERROR;
				CLANG_WARN_DOCUMENTATION_COMMENTS = YES;
				CLANG_WARN_EMPTY_BODY = YES;
				CLANG_WARN_ENUM_CONVERSION = YES;
				CLANG_WARN_INFINITE_RECURSION = YES;
				CLANG_WARN_INT_CONVERSION = YES;
				CLANG_WARN_NON_LITERAL_NULL_CONVERSION = YES;
				CLANG_WARN_OBJC_IMPLICIT_RETAIN_SELF = YES;
				CLANG_WARN_OBJC_LITERAL_CONVERSION = YES;
				CLANG_WARN_OBJC_ROOT_CLASS = YES_ERROR;
				CLANG_WARN_QUOTED_INCLUDE_IN_FRAMEWORK_HEADER = YES;
				CLANG_WARN_RANGE_LOOP_ANALYSIS = YES;
				CLANG_WARN_STRICT_PROTOTYPES = YES;
				CLANG_WARN_SUSPICIOUS_MOVE = YES;
				CLANG_WARN_UNGUARDED_AVAILABILITY = YES_AGGRESSIVE;
				CLANG_WARN_UNREACHABLE_CODE = YES;
				CLANG_WARN__DUPLICATE_METHOD_MATCH = YES;
				COPY_PHASE_STRIP = NO;
				DEBUG_INFORMATION_FORMAT = "dwarf-with-dsym";
				ENABLE_NS_ASSERTIONS = NO;
				ENABLE_STRICT_OBJC_MSGSEND = YES;
				GCC_C_LANGUAGE_STANDARD = gnu11;
				GCC_NO_COMMON_BLOCKS = YES;
				GCC_WARN_64_TO_32_BIT_CONVERSION = YES;
				GCC_WARN_ABOUT_RETURN_TYPE = YES_ERROR;
				GCC_WARN_UNDECLARED_SELECTOR = YES;
				GCC_WARN_UNINITIALIZED_AUTOS = YES_AGGRESSIVE;
				GCC_WARN_UNUSED_FUNCTION = YES;
				GCC_WARN_UNUSED_VARIABLE = YES;
				IPHONEOS_DEPLOYMENT_TARGET = 14.4;
				MTL_ENABLE_DEBUG_INFO = NO;
				MTL_FAST_MATH = YES;
				SDKROOT = iphoneos;
				SWIFT_COMPILATION_MODE = wholemodule;
				SWIFT_OPTIMIZATION_LEVEL = "-O";
				VALIDATE_PRODUCT = YES;
			};
			name = Release;
		};
		89256B5925DEE0FC00E567F0 /* Debug */ = {
			isa = XCBuildConfiguration;
			buildSettings = {
				ASSETCATALOG_COMPILER_APPICON_NAME = AppIcon;
				ASSETCATALOG_COMPILER_GLOBAL_ACCENT_COLOR_NAME = AccentColor;
				CODE_SIGN_STYLE = Automatic;
				DEVELOPMENT_TEAM = 345TT87MMY;
				INFOPLIST_FILE = "Nano-05/Info.plist";
				IPHONEOS_DEPLOYMENT_TARGET = 13.0;
				LD_RUNPATH_SEARCH_PATHS = (
					"$(inherited)",
					"@executable_path/Frameworks",
				);
				PRODUCT_BUNDLE_IDENTIFIER = "RogerioLucon.Nano-05";
				PRODUCT_NAME = "$(TARGET_NAME)";
				SWIFT_VERSION = 5.0;
				TARGETED_DEVICE_FAMILY = "1,2";
			};
			name = Debug;
		};
		89256B5A25DEE0FC00E567F0 /* Release */ = {
			isa = XCBuildConfiguration;
			buildSettings = {
				ASSETCATALOG_COMPILER_APPICON_NAME = AppIcon;
				ASSETCATALOG_COMPILER_GLOBAL_ACCENT_COLOR_NAME = AccentColor;
				CODE_SIGN_STYLE = Automatic;
				DEVELOPMENT_TEAM = 345TT87MMY;
				INFOPLIST_FILE = "Nano-05/Info.plist";
				IPHONEOS_DEPLOYMENT_TARGET = 13.0;
				LD_RUNPATH_SEARCH_PATHS = (
					"$(inherited)",
					"@executable_path/Frameworks",
				);
				PRODUCT_BUNDLE_IDENTIFIER = "RogerioLucon.Nano-05";
				PRODUCT_NAME = "$(TARGET_NAME)";
				SWIFT_VERSION = 5.0;
				TARGETED_DEVICE_FAMILY = "1,2";
			};
			name = Release;
		};
/* End XCBuildConfiguration section */

/* Begin XCConfigurationList section */
		89256B3F25DEE0FB00E567F0 /* Build configuration list for PBXProject "Nano-05" */ = {
			isa = XCConfigurationList;
			buildConfigurations = (
				89256B5625DEE0FC00E567F0 /* Debug */,
				89256B5725DEE0FC00E567F0 /* Release */,
			);
			defaultConfigurationIsVisible = 0;
			defaultConfigurationName = Release;
		};
		89256B5825DEE0FC00E567F0 /* Build configuration list for PBXNativeTarget "Nano-05" */ = {
			isa = XCConfigurationList;
			buildConfigurations = (
				89256B5925DEE0FC00E567F0 /* Debug */,
				89256B5A25DEE0FC00E567F0 /* Release */,
			);
			defaultConfigurationIsVisible = 0;
			defaultConfigurationName = Release;
		};
/* End XCConfigurationList section */
	};
	rootObject = 89256B3C25DEE0FB00E567F0 /* Project object */;
}
