// !$*UTF8*$!
{
	archiveVersion = 1;
	classes = {
	};
	objectVersion = 50;
	objects = {

/* Begin PBXBuildFile section */
		19F30C0825E96E5B00D57CAA /* Intro.storyboard in Resources */ = {isa = PBXBuildFile; fileRef = 19F30C0725E96E5B00D57CAA /* Intro.storyboard */; };
		19F30C0F25E9767200D57CAA /* PageViewController.swift in Sources */ = {isa = PBXBuildFile; fileRef = 19F30C0E25E9767200D57CAA /* PageViewController.swift */; };
		8511981025EC008F00C0EE81 /* WhoData.swift in Sources */ = {isa = PBXBuildFile; fileRef = 8511980F25EC008F00C0EE81 /* WhoData.swift */; };
		85133E1025ED6A5100F62066 /* TreatmentData.swift in Sources */ = {isa = PBXBuildFile; fileRef = 85133E0F25ED6A5100F62066 /* TreatmentData.swift */; };
		852D9A5F25ED91F300E884E0 /* Charts.framework in Frameworks */ = {isa = PBXBuildFile; fileRef = 852D9A5A25ED91E600E884E0 /* Charts.framework */; };
		852D9A6025ED91F300E884E0 /* Charts.framework in Embed Frameworks */ = {isa = PBXBuildFile; fileRef = 852D9A5A25ED91E600E884E0 /* Charts.framework */; settings = {ATTRIBUTES = (CodeSignOnCopy, RemoveHeadersOnCopy, ); }; };
		85E0CD8625E96BFC00ED6D59 /* HomeViewController.swift in Sources */ = {isa = PBXBuildFile; fileRef = 85E0CD8525E96BFC00ED6D59 /* HomeViewController.swift */; };
		890ED1ED25F2CBBD00176CD0 /* AuthenticationServices.framework in Frameworks */ = {isa = PBXBuildFile; fileRef = 890ED1EC25F2CBBD00176CD0 /* AuthenticationServices.framework */; };
		89256B4825DEE0FC00E567F0 /* AppDelegate.swift in Sources */ = {isa = PBXBuildFile; fileRef = 89256B4725DEE0FC00E567F0 /* AppDelegate.swift */; };
		89256B4A25DEE0FC00E567F0 /* SceneDelegate.swift in Sources */ = {isa = PBXBuildFile; fileRef = 89256B4925DEE0FC00E567F0 /* SceneDelegate.swift */; };
		89256B4C25DEE0FC00E567F0 /* ViewController.swift in Sources */ = {isa = PBXBuildFile; fileRef = 89256B4B25DEE0FC00E567F0 /* ViewController.swift */; };
		89256B4F25DEE0FC00E567F0 /* Main.storyboard in Resources */ = {isa = PBXBuildFile; fileRef = 89256B4D25DEE0FC00E567F0 /* Main.storyboard */; };
		89256B5125DEE0FC00E567F0 /* Assets.xcassets in Resources */ = {isa = PBXBuildFile; fileRef = 89256B5025DEE0FC00E567F0 /* Assets.xcassets */; };
		89256B5425DEE0FC00E567F0 /* LaunchScreen.storyboard in Resources */ = {isa = PBXBuildFile; fileRef = 89256B5225DEE0FC00E567F0 /* LaunchScreen.storyboard */; };
		89256B5E25DEEAE900E567F0 /* Home.storyboard in Resources */ = {isa = PBXBuildFile; fileRef = 89256B5D25DEEAE900E567F0 /* Home.storyboard */; };
		89256B6125DEEB1D00E567F0 /* Prevention.storyboard in Resources */ = {isa = PBXBuildFile; fileRef = 89256B6025DEEB1D00E567F0 /* Prevention.storyboard */; };
		89256B6425DEEB3900E567F0 /* Tests.storyboard in Resources */ = {isa = PBXBuildFile; fileRef = 89256B6325DEEB3900E567F0 /* Tests.storyboard */; };
		89256B6725DEEB5C00E567F0 /* Care.storyboard in Resources */ = {isa = PBXBuildFile; fileRef = 89256B6625DEEB5C00E567F0 /* Care.storyboard */; };
		89282A7725E05A8800FE2029 /* Post.swift in Sources */ = {isa = PBXBuildFile; fileRef = 89282A7625E05A8800FE2029 /* Post.swift */; };
		89282A7B25E05B2700FE2029 /* Data.swift in Sources */ = {isa = PBXBuildFile; fileRef = 89282A7A25E05B2700FE2029 /* Data.swift */; };
		89282A8025E07A1C00FE2029 /* TabViewController.swift in Sources */ = {isa = PBXBuildFile; fileRef = 89282A7F25E07A1C00FE2029 /* TabViewController.swift */; };
		89282A8525E07AA500FE2029 /* Posts.json in Resources */ = {isa = PBXBuildFile; fileRef = 89282A8425E07AA500FE2029 /* Posts.json */; };
		89282A8825E0803D00FE2029 /* Tabs.json in Resources */ = {isa = PBXBuildFile; fileRef = 89282A8725E0803D00FE2029 /* Tabs.json */; };
		89282A8C25E0807300FE2029 /* Tab.swift in Sources */ = {isa = PBXBuildFile; fileRef = 89282A8B25E0807300FE2029 /* Tab.swift */; };
		89579ECC25E97EAB00A0EF31 /* UITextView.swift in Sources */ = {isa = PBXBuildFile; fileRef = 89579ECB25E97EAB00A0EF31 /* UITextView.swift */; };
		89579ED625ED68FF00A0EF31 /* GameResultViewController.swift in Sources */ = {isa = PBXBuildFile; fileRef = 89579ED525ED68FF00A0EF31 /* GameResultViewController.swift */; };
		89908C8625E5869E00B8BEFD /* PostViewController.swift in Sources */ = {isa = PBXBuildFile; fileRef = 89908C8525E5869E00B8BEFD /* PostViewController.swift */; };
		89908C8A25E587A700B8BEFD /* UIViewController.swift in Sources */ = {isa = PBXBuildFile; fileRef = 89908C8925E587A700B8BEFD /* UIViewController.swift */; };
		89908C8F25E6C3FC00B8BEFD /* UIColor.swift in Sources */ = {isa = PBXBuildFile; fileRef = 89908C8E25E6C3FC00B8BEFD /* UIColor.swift */; };
		89908CB525E83D4800B8BEFD /* CardGame.storyboard in Resources */ = {isa = PBXBuildFile; fileRef = 89908CB425E83D4800B8BEFD /* CardGame.storyboard */; };
		89908CB825E83E4D00B8BEFD /* GameViewController.swift in Sources */ = {isa = PBXBuildFile; fileRef = 89908CB725E83E4C00B8BEFD /* GameViewController.swift */; };
		89908CBC25E83F1E00B8BEFD /* CardView.swift in Sources */ = {isa = PBXBuildFile; fileRef = 89908CBB25E83F1E00B8BEFD /* CardView.swift */; };
		89908CC025E83F5600B8BEFD /* CardView.xib in Resources */ = {isa = PBXBuildFile; fileRef = 89908CBF25E83F5600B8BEFD /* CardView.xib */; };
		89B09E8725E969ED00F498AF /* Card.swift in Sources */ = {isa = PBXBuildFile; fileRef = 89B09E8625E969ED00F498AF /* Card.swift */; };
		89B09E8A25E96E2100F498AF /* CustomButtons.swift in Sources */ = {isa = PBXBuildFile; fileRef = 89B09E8925E96E2100F498AF /* CustomButtons.swift */; };
		89B09E8D25E9763A00F498AF /* Cards.json in Resources */ = {isa = PBXBuildFile; fileRef = 89B09E8C25E9763A00F498AF /* Cards.json */; };
/* End PBXBuildFile section */

/* Begin PBXContainerItemProxy section */
		852D9A5925ED91E600E884E0 /* PBXContainerItemProxy */ = {
			isa = PBXContainerItemProxy;
			containerPortal = 852D9A5425ED91E600E884E0 /* Charts.xcodeproj */;
			proxyType = 2;
			remoteGlobalIDString = 65AD9E95D9ED4DC0BD73A743;
			remoteInfo = Charts;
		};
		852D9A5B25ED91E600E884E0 /* PBXContainerItemProxy */ = {
			isa = PBXContainerItemProxy;
			containerPortal = 852D9A5425ED91E600E884E0 /* Charts.xcodeproj */;
			proxyType = 2;
			remoteGlobalIDString = 1CBBC58C6CE1EBEE9852CE41;
			remoteInfo = ChartsTests;
		};
/* End PBXContainerItemProxy section */

/* Begin PBXCopyFilesBuildPhase section */
		8511980D25EBFFFB00C0EE81 /* Embed Frameworks */ = {
			isa = PBXCopyFilesBuildPhase;
			buildActionMask = 2147483647;
			dstPath = "";
			dstSubfolderSpec = 10;
			files = (
				852D9A6025ED91F300E884E0 /* Charts.framework in Embed Frameworks */,
			);
			name = "Embed Frameworks";
			runOnlyForDeploymentPostprocessing = 0;
		};
/* End PBXCopyFilesBuildPhase section */

/* Begin PBXFileReference section */
		19F30C0725E96E5B00D57CAA /* Intro.storyboard */ = {isa = PBXFileReference; lastKnownFileType = file.storyboard; path = Intro.storyboard; sourceTree = "<group>"; };
		19F30C0E25E9767200D57CAA /* PageViewController.swift */ = {isa = PBXFileReference; lastKnownFileType = sourcecode.swift; path = PageViewController.swift; sourceTree = "<group>"; };
		8511980F25EC008F00C0EE81 /* WhoData.swift */ = {isa = PBXFileReference; lastKnownFileType = sourcecode.swift; path = WhoData.swift; sourceTree = "<group>"; };
		85133E0F25ED6A5100F62066 /* TreatmentData.swift */ = {isa = PBXFileReference; lastKnownFileType = sourcecode.swift; path = TreatmentData.swift; sourceTree = "<group>"; };
		852D9A5425ED91E600E884E0 /* Charts.xcodeproj */ = {isa = PBXFileReference; lastKnownFileType = "wrapper.pb-project"; name = Charts.xcodeproj; path = "Nano-05/Charts-master/Charts.xcodeproj"; sourceTree = "<group>"; };
		85E0CD8525E96BFC00ED6D59 /* HomeViewController.swift */ = {isa = PBXFileReference; lastKnownFileType = sourcecode.swift; path = HomeViewController.swift; sourceTree = "<group>"; };
		890ED1EB25F2CBBD00176CD0 /* Nano-05.entitlements */ = {isa = PBXFileReference; lastKnownFileType = text.plist.entitlements; path = "Nano-05.entitlements"; sourceTree = "<group>"; };
		890ED1EC25F2CBBD00176CD0 /* AuthenticationServices.framework */ = {isa = PBXFileReference; lastKnownFileType = wrapper.framework; name = AuthenticationServices.framework; path = System/Library/Frameworks/AuthenticationServices.framework; sourceTree = SDKROOT; };
		89256B4425DEE0FC00E567F0 /* Nano-05.app */ = {isa = PBXFileReference; explicitFileType = wrapper.application; includeInIndex = 0; path = "Nano-05.app"; sourceTree = BUILT_PRODUCTS_DIR; };
		89256B4725DEE0FC00E567F0 /* AppDelegate.swift */ = {isa = PBXFileReference; lastKnownFileType = sourcecode.swift; path = AppDelegate.swift; sourceTree = "<group>"; };
		89256B4925DEE0FC00E567F0 /* SceneDelegate.swift */ = {isa = PBXFileReference; lastKnownFileType = sourcecode.swift; path = SceneDelegate.swift; sourceTree = "<group>"; };
		89256B4B25DEE0FC00E567F0 /* ViewController.swift */ = {isa = PBXFileReference; lastKnownFileType = sourcecode.swift; path = ViewController.swift; sourceTree = "<group>"; };
		89256B4E25DEE0FC00E567F0 /* Base */ = {isa = PBXFileReference; lastKnownFileType = file.storyboard; name = Base; path = Base.lproj/Main.storyboard; sourceTree = "<group>"; };
		89256B5025DEE0FC00E567F0 /* Assets.xcassets */ = {isa = PBXFileReference; lastKnownFileType = folder.assetcatalog; path = Assets.xcassets; sourceTree = "<group>"; };
		89256B5325DEE0FC00E567F0 /* Base */ = {isa = PBXFileReference; lastKnownFileType = file.storyboard; name = Base; path = Base.lproj/LaunchScreen.storyboard; sourceTree = "<group>"; };
		89256B5525DEE0FC00E567F0 /* Info.plist */ = {isa = PBXFileReference; lastKnownFileType = text.plist.xml; path = Info.plist; sourceTree = "<group>"; };
		89256B5D25DEEAE900E567F0 /* Home.storyboard */ = {isa = PBXFileReference; lastKnownFileType = file.storyboard; path = Home.storyboard; sourceTree = "<group>"; };
		89256B6025DEEB1D00E567F0 /* Prevention.storyboard */ = {isa = PBXFileReference; lastKnownFileType = file.storyboard; path = Prevention.storyboard; sourceTree = "<group>"; };
		89256B6325DEEB3900E567F0 /* Tests.storyboard */ = {isa = PBXFileReference; lastKnownFileType = file.storyboard; path = Tests.storyboard; sourceTree = "<group>"; };
		89256B6625DEEB5C00E567F0 /* Care.storyboard */ = {isa = PBXFileReference; lastKnownFileType = file.storyboard; path = Care.storyboard; sourceTree = "<group>"; };
		89282A7625E05A8800FE2029 /* Post.swift */ = {isa = PBXFileReference; lastKnownFileType = sourcecode.swift; path = Post.swift; sourceTree = "<group>"; };
		89282A7A25E05B2700FE2029 /* Data.swift */ = {isa = PBXFileReference; lastKnownFileType = sourcecode.swift; path = Data.swift; sourceTree = "<group>"; };
		89282A7F25E07A1C00FE2029 /* TabViewController.swift */ = {isa = PBXFileReference; lastKnownFileType = sourcecode.swift; path = TabViewController.swift; sourceTree = "<group>"; };
		89282A8425E07AA500FE2029 /* Posts.json */ = {isa = PBXFileReference; lastKnownFileType = text.json; path = Posts.json; sourceTree = "<group>"; };
		89282A8725E0803D00FE2029 /* Tabs.json */ = {isa = PBXFileReference; lastKnownFileType = text.json; path = Tabs.json; sourceTree = "<group>"; };
		89282A8B25E0807300FE2029 /* Tab.swift */ = {isa = PBXFileReference; lastKnownFileType = sourcecode.swift; path = Tab.swift; sourceTree = "<group>"; };
		89579ECB25E97EAB00A0EF31 /* UITextView.swift */ = {isa = PBXFileReference; lastKnownFileType = sourcecode.swift; path = UITextView.swift; sourceTree = "<group>"; };
		89579ED525ED68FF00A0EF31 /* GameResultViewController.swift */ = {isa = PBXFileReference; lastKnownFileType = sourcecode.swift; path = GameResultViewController.swift; sourceTree = "<group>"; };
		89908C8525E5869E00B8BEFD /* PostViewController.swift */ = {isa = PBXFileReference; lastKnownFileType = sourcecode.swift; path = PostViewController.swift; sourceTree = "<group>"; };
		89908C8925E587A700B8BEFD /* UIViewController.swift */ = {isa = PBXFileReference; lastKnownFileType = sourcecode.swift; path = UIViewController.swift; sourceTree = "<group>"; };
		89908C8E25E6C3FC00B8BEFD /* UIColor.swift */ = {isa = PBXFileReference; lastKnownFileType = sourcecode.swift; path = UIColor.swift; sourceTree = "<group>"; };
		89908CB425E83D4800B8BEFD /* CardGame.storyboard */ = {isa = PBXFileReference; lastKnownFileType = file.storyboard; path = CardGame.storyboard; sourceTree = "<group>"; };
		89908CB725E83E4C00B8BEFD /* GameViewController.swift */ = {isa = PBXFileReference; lastKnownFileType = sourcecode.swift; path = GameViewController.swift; sourceTree = "<group>"; };
		89908CBB25E83F1E00B8BEFD /* CardView.swift */ = {isa = PBXFileReference; lastKnownFileType = sourcecode.swift; path = CardView.swift; sourceTree = "<group>"; };
		89908CBF25E83F5600B8BEFD /* CardView.xib */ = {isa = PBXFileReference; lastKnownFileType = file.xib; path = CardView.xib; sourceTree = "<group>"; };
		89B09E8625E969ED00F498AF /* Card.swift */ = {isa = PBXFileReference; lastKnownFileType = sourcecode.swift; path = Card.swift; sourceTree = "<group>"; };
		89B09E8925E96E2100F498AF /* CustomButtons.swift */ = {isa = PBXFileReference; lastKnownFileType = sourcecode.swift; path = CustomButtons.swift; sourceTree = "<group>"; };
		89B09E8C25E9763A00F498AF /* Cards.json */ = {isa = PBXFileReference; lastKnownFileType = text.json; path = Cards.json; sourceTree = "<group>"; };
/* End PBXFileReference section */

/* Begin PBXFrameworksBuildPhase section */
		89256B4125DEE0FC00E567F0 /* Frameworks */ = {
			isa = PBXFrameworksBuildPhase;
			buildActionMask = 2147483647;
			files = (
				890ED1ED25F2CBBD00176CD0 /* AuthenticationServices.framework in Frameworks */,
				852D9A5F25ED91F300E884E0 /* Charts.framework in Frameworks */,
			);
			runOnlyForDeploymentPostprocessing = 0;
		};
/* End PBXFrameworksBuildPhase section */

/* Begin PBXGroup section */
		8511980A25EBFFFB00C0EE81 /* Frameworks */ = {
			isa = PBXGroup;
			children = (
				890ED1EC25F2CBBD00176CD0 /* AuthenticationServices.framework */,
			);
			name = Frameworks;
			sourceTree = "<group>";
		};
		852D9A5525ED91E600E884E0 /* Products */ = {
			isa = PBXGroup;
			children = (
				852D9A5A25ED91E600E884E0 /* Charts.framework */,
				852D9A5C25ED91E600E884E0 /* ChartsTests.xctest */,
			);
			name = Products;
			sourceTree = "<group>";
		};
		89256B3B25DEE0FB00E567F0 = {
			isa = PBXGroup;
			children = (
				852D9A5425ED91E600E884E0 /* Charts.xcodeproj */,
				89256B4625DEE0FC00E567F0 /* Nano-05 */,
				89256B4525DEE0FC00E567F0 /* Products */,
				8511980A25EBFFFB00C0EE81 /* Frameworks */,
			);
			sourceTree = "<group>";
		};
		89256B4525DEE0FC00E567F0 /* Products */ = {
			isa = PBXGroup;
			children = (
				89256B4425DEE0FC00E567F0 /* Nano-05.app */,
			);
			name = Products;
			sourceTree = "<group>";
		};
		89256B4625DEE0FC00E567F0 /* Nano-05 */ = {
			isa = PBXGroup;
			children = (
				890ED1EB25F2CBBD00176CD0 /* Nano-05.entitlements */,
				89908CBA25E83E7200B8BEFD /* View */,
				89908C8825E5879000B8BEFD /* Extensions */,
				89282A8325E07A7B00FE2029 /* Resorces */,
				89282A7E25E079C400FE2029 /* ViewControllers */,
				89282A7525E05A3600FE2029 /* Model */,
				89256B5C25DEEA9A00E567F0 /* Storyboards */,
				89256B4725DEE0FC00E567F0 /* AppDelegate.swift */,
				89256B4925DEE0FC00E567F0 /* SceneDelegate.swift */,
				89256B4B25DEE0FC00E567F0 /* ViewController.swift */,
				89256B5025DEE0FC00E567F0 /* Assets.xcassets */,
				89256B5225DEE0FC00E567F0 /* LaunchScreen.storyboard */,
				89256B5525DEE0FC00E567F0 /* Info.plist */,
			);
			path = "Nano-05";
			sourceTree = "<group>";
		};
		89256B5C25DEEA9A00E567F0 /* Storyboards */ = {
			isa = PBXGroup;
			children = (
				89256B4D25DEE0FC00E567F0 /* Main.storyboard */,
				89256B5D25DEEAE900E567F0 /* Home.storyboard */,
				89256B6025DEEB1D00E567F0 /* Prevention.storyboard */,
				89256B6325DEEB3900E567F0 /* Tests.storyboard */,
				89256B6625DEEB5C00E567F0 /* Care.storyboard */,
				19F30C0725E96E5B00D57CAA /* Intro.storyboard */,
				19F30C0E25E9767200D57CAA /* PageViewController.swift */,
				89908CB425E83D4800B8BEFD /* CardGame.storyboard */,
			);
			path = Storyboards;
			sourceTree = "<group>";
		};
		89282A7525E05A3600FE2029 /* Model */ = {
			isa = PBXGroup;
			children = (
				89282A7625E05A8800FE2029 /* Post.swift */,
				89282A7A25E05B2700FE2029 /* Data.swift */,
				89282A8B25E0807300FE2029 /* Tab.swift */,
				8511980F25EC008F00C0EE81 /* WhoData.swift */,
				85133E0F25ED6A5100F62066 /* TreatmentData.swift */,
				89B09E8625E969ED00F498AF /* Card.swift */,
			);
			path = Model;
			sourceTree = "<group>";
		};
		89282A7E25E079C400FE2029 /* ViewControllers */ = {
			isa = PBXGroup;
			children = (
				89282A7F25E07A1C00FE2029 /* TabViewController.swift */,
				89908C8525E5869E00B8BEFD /* PostViewController.swift */,
				85E0CD8525E96BFC00ED6D59 /* HomeViewController.swift */,
				89908CB725E83E4C00B8BEFD /* GameViewController.swift */,
				89579ED525ED68FF00A0EF31 /* GameResultViewController.swift */,
			);
			path = ViewControllers;
			sourceTree = "<group>";
		};
		89282A8325E07A7B00FE2029 /* Resorces */ = {
			isa = PBXGroup;
			children = (
				89282A8425E07AA500FE2029 /* Posts.json */,
				89282A8725E0803D00FE2029 /* Tabs.json */,
				89B09E8C25E9763A00F498AF /* Cards.json */,
			);
			path = Resorces;
			sourceTree = "<group>";
		};
		89908C8825E5879000B8BEFD /* Extensions */ = {
			isa = PBXGroup;
			children = (
				89908C8925E587A700B8BEFD /* UIViewController.swift */,
				89908C8E25E6C3FC00B8BEFD /* UIColor.swift */,
				89579ECB25E97EAB00A0EF31 /* UITextView.swift */,
			);
			path = Extensions;
			sourceTree = "<group>";
		};
		89908CBA25E83E7200B8BEFD /* View */ = {
			isa = PBXGroup;
			children = (
				89908CBB25E83F1E00B8BEFD /* CardView.swift */,
				89908CBF25E83F5600B8BEFD /* CardView.xib */,
				89B09E8925E96E2100F498AF /* CustomButtons.swift */,
			);
			path = View;
			sourceTree = "<group>";
		};
/* End PBXGroup section */

/* Begin PBXNativeTarget section */
		89256B4325DEE0FC00E567F0 /* Nano-05 */ = {
			isa = PBXNativeTarget;
			buildConfigurationList = 89256B5825DEE0FC00E567F0 /* Build configuration list for PBXNativeTarget "Nano-05" */;
			buildPhases = (
				89256B4025DEE0FC00E567F0 /* Sources */,
				89256B4125DEE0FC00E567F0 /* Frameworks */,
				89256B4225DEE0FC00E567F0 /* Resources */,
				8511980D25EBFFFB00C0EE81 /* Embed Frameworks */,
			);
			buildRules = (
			);
			dependencies = (
			);
			name = "Nano-05";
			productName = "Nano-05";
			productReference = 89256B4425DEE0FC00E567F0 /* Nano-05.app */;
			productType = "com.apple.product-type.application";
		};
/* End PBXNativeTarget section */

/* Begin PBXProject section */
		89256B3C25DEE0FB00E567F0 /* Project object */ = {
			isa = PBXProject;
			attributes = {
				LastSwiftUpdateCheck = 1240;
				LastUpgradeCheck = 1240;
				TargetAttributes = {
					89256B4325DEE0FC00E567F0 = {
						CreatedOnToolsVersion = 12.4;
					};
				};
			};
			buildConfigurationList = 89256B3F25DEE0FB00E567F0 /* Build configuration list for PBXProject "Nano-05" */;
			compatibilityVersion = "Xcode 9.3";
			developmentRegion = en;
			hasScannedForEncodings = 0;
			knownRegions = (
				en,
				Base,
			);
			mainGroup = 89256B3B25DEE0FB00E567F0;
			productRefGroup = 89256B4525DEE0FC00E567F0 /* Products */;
			projectDirPath = "";
			projectReferences = (
				{
					ProductGroup = 852D9A5525ED91E600E884E0 /* Products */;
					ProjectRef = 852D9A5425ED91E600E884E0 /* Charts.xcodeproj */;
				},
			);
			projectRoot = "";
			targets = (
				89256B4325DEE0FC00E567F0 /* Nano-05 */,
			);
		};
/* End PBXProject section */

/* Begin PBXReferenceProxy section */
		852D9A5A25ED91E600E884E0 /* Charts.framework */ = {
			isa = PBXReferenceProxy;
			fileType = wrapper.framework;
			path = Charts.framework;
			remoteRef = 852D9A5925ED91E600E884E0 /* PBXContainerItemProxy */;
			sourceTree = BUILT_PRODUCTS_DIR;
		};
		852D9A5C25ED91E600E884E0 /* ChartsTests.xctest */ = {
			isa = PBXReferenceProxy;
			fileType = wrapper.cfbundle;
			path = ChartsTests.xctest;
			remoteRef = 852D9A5B25ED91E600E884E0 /* PBXContainerItemProxy */;
			sourceTree = BUILT_PRODUCTS_DIR;
		};
/* End PBXReferenceProxy section */

/* Begin PBXResourcesBuildPhase section */
		89256B4225DEE0FC00E567F0 /* Resources */ = {
			isa = PBXResourcesBuildPhase;
			buildActionMask = 2147483647;
			files = (
				89908CB525E83D4800B8BEFD /* CardGame.storyboard in Resources */,
				89256B6725DEEB5C00E567F0 /* Care.storyboard in Resources */,
				89256B5425DEE0FC00E567F0 /* LaunchScreen.storyboard in Resources */,
				89256B5125DEE0FC00E567F0 /* Assets.xcassets in Resources */,
				89282A8525E07AA500FE2029 /* Posts.json in Resources */,
				89256B4F25DEE0FC00E567F0 /* Main.storyboard in Resources */,
				89256B5E25DEEAE900E567F0 /* Home.storyboard in Resources */,
				89908CC025E83F5600B8BEFD /* CardView.xib in Resources */,
				89282A8825E0803D00FE2029 /* Tabs.json in Resources */,
				89256B6425DEEB3900E567F0 /* Tests.storyboard in Resources */,
				89256B6125DEEB1D00E567F0 /* Prevention.storyboard in Resources */,
				19F30C0825E96E5B00D57CAA /* Intro.storyboard in Resources */,
				89B09E8D25E9763A00F498AF /* Cards.json in Resources */,
			);
			runOnlyForDeploymentPostprocessing = 0;
		};
/* End PBXResourcesBuildPhase section */

/* Begin PBXSourcesBuildPhase section */
		89256B4025DEE0FC00E567F0 /* Sources */ = {
			isa = PBXSourcesBuildPhase;
			buildActionMask = 2147483647;
			files = (
				89908C8625E5869E00B8BEFD /* PostViewController.swift in Sources */,
				89579ED625ED68FF00A0EF31 /* GameResultViewController.swift in Sources */,
				89282A8C25E0807300FE2029 /* Tab.swift in Sources */,
				19F30C0F25E9767200D57CAA /* PageViewController.swift in Sources */,
				89B09E8A25E96E2100F498AF /* CustomButtons.swift in Sources */,
				89908C8A25E587A700B8BEFD /* UIViewController.swift in Sources */,
				89282A8025E07A1C00FE2029 /* TabViewController.swift in Sources */,
				8511981025EC008F00C0EE81 /* WhoData.swift in Sources */,
				89B09E8725E969ED00F498AF /* Card.swift in Sources */,
				89256B4C25DEE0FC00E567F0 /* ViewController.swift in Sources */,
				89579ECC25E97EAB00A0EF31 /* UITextView.swift in Sources */,
				89282A7B25E05B2700FE2029 /* Data.swift in Sources */,
				89282A7725E05A8800FE2029 /* Post.swift in Sources */,
				85E0CD8625E96BFC00ED6D59 /* HomeViewController.swift in Sources */,
				89256B4825DEE0FC00E567F0 /* AppDelegate.swift in Sources */,
				85133E1025ED6A5100F62066 /* TreatmentData.swift in Sources */,
				89256B4A25DEE0FC00E567F0 /* SceneDelegate.swift in Sources */,
				89908CB825E83E4D00B8BEFD /* GameViewController.swift in Sources */,
				89908CBC25E83F1E00B8BEFD /* CardView.swift in Sources */,
				89908C8F25E6C3FC00B8BEFD /* UIColor.swift in Sources */,
			);
			runOnlyForDeploymentPostprocessing = 0;
		};
/* End PBXSourcesBuildPhase section */

/* Begin PBXVariantGroup section */
		89256B4D25DEE0FC00E567F0 /* Main.storyboard */ = {
			isa = PBXVariantGroup;
			children = (
				89256B4E25DEE0FC00E567F0 /* Base */,
			);
			name = Main.storyboard;
			sourceTree = "<group>";
		};
		89256B5225DEE0FC00E567F0 /* LaunchScreen.storyboard */ = {
			isa = PBXVariantGroup;
			children = (
				89256B5325DEE0FC00E567F0 /* Base */,
			);
			name = LaunchScreen.storyboard;
			sourceTree = "<group>";
		};
/* End PBXVariantGroup section */

/* Begin XCBuildConfiguration section */
		89256B5625DEE0FC00E567F0 /* Debug */ = {
			isa = XCBuildConfiguration;
			buildSettings = {
				ALWAYS_SEARCH_USER_PATHS = NO;
				CLANG_ANALYZER_NONNULL = YES;
				CLANG_ANALYZER_NUMBER_OBJECT_CONVERSION = YES_AGGRESSIVE;
				CLANG_CXX_LANGUAGE_STANDARD = "gnu++14";
				CLANG_CXX_LIBRARY = "libc++";
				CLANG_ENABLE_MODULES = YES;
				CLANG_ENABLE_OBJC_ARC = YES;
				CLANG_ENABLE_OBJC_WEAK = YES;
				CLANG_WARN_BLOCK_CAPTURE_AUTORELEASING = YES;
				CLANG_WARN_BOOL_CONVERSION = YES;
				CLANG_WARN_COMMA = YES;
				CLANG_WARN_CONSTANT_CONVERSION = YES;
				CLANG_WARN_DEPRECATED_OBJC_IMPLEMENTATIONS = YES;
				CLANG_WARN_DIRECT_OBJC_ISA_USAGE = YES_ERROR;
				CLANG_WARN_DOCUMENTATION_COMMENTS = YES;
				CLANG_WARN_EMPTY_BODY = YES;
				CLANG_WARN_ENUM_CONVERSION = YES;
				CLANG_WARN_INFINITE_RECURSION = YES;
				CLANG_WARN_INT_CONVERSION = YES;
				CLANG_WARN_NON_LITERAL_NULL_CONVERSION = YES;
				CLANG_WARN_OBJC_IMPLICIT_RETAIN_SELF = YES;
				CLANG_WARN_OBJC_LITERAL_CONVERSION = YES;
				CLANG_WARN_OBJC_ROOT_CLASS = YES_ERROR;
				CLANG_WARN_QUOTED_INCLUDE_IN_FRAMEWORK_HEADER = YES;
				CLANG_WARN_RANGE_LOOP_ANALYSIS = YES;
				CLANG_WARN_STRICT_PROTOTYPES = YES;
				CLANG_WARN_SUSPICIOUS_MOVE = YES;
				CLANG_WARN_UNGUARDED_AVAILABILITY = YES_AGGRESSIVE;
				CLANG_WARN_UNREACHABLE_CODE = YES;
				CLANG_WARN__DUPLICATE_METHOD_MATCH = YES;
				COPY_PHASE_STRIP = NO;
				DEBUG_INFORMATION_FORMAT = dwarf;
				ENABLE_STRICT_OBJC_MSGSEND = YES;
				ENABLE_TESTABILITY = YES;
				GCC_C_LANGUAGE_STANDARD = gnu11;
				GCC_DYNAMIC_NO_PIC = NO;
				GCC_NO_COMMON_BLOCKS = YES;
				GCC_OPTIMIZATION_LEVEL = 0;
				GCC_PREPROCESSOR_DEFINITIONS = (
					"DEBUG=1",
					"$(inherited)",
				);
				GCC_WARN_64_TO_32_BIT_CONVERSION = YES;
				GCC_WARN_ABOUT_RETURN_TYPE = YES_ERROR;
				GCC_WARN_UNDECLARED_SELECTOR = YES;
				GCC_WARN_UNINITIALIZED_AUTOS = YES_AGGRESSIVE;
				GCC_WARN_UNUSED_FUNCTION = YES;
				GCC_WARN_UNUSED_VARIABLE = YES;
				IPHONEOS_DEPLOYMENT_TARGET = 14.4;
				MTL_ENABLE_DEBUG_INFO = INCLUDE_SOURCE;
				MTL_FAST_MATH = YES;
				ONLY_ACTIVE_ARCH = YES;
				SDKROOT = iphoneos;
				SWIFT_ACTIVE_COMPILATION_CONDITIONS = DEBUG;
				SWIFT_OPTIMIZATION_LEVEL = "-Onone";
			};
			name = Debug;
		};
		89256B5725DEE0FC00E567F0 /* Release */ = {
			isa = XCBuildConfiguration;
			buildSettings = {
				ALWAYS_SEARCH_USER_PATHS = NO;
				CLANG_ANALYZER_NONNULL = YES;
				CLANG_ANALYZER_NUMBER_OBJECT_CONVERSION = YES_AGGRESSIVE;
				CLANG_CXX_LANGUAGE_STANDARD = "gnu++14";
				CLANG_CXX_LIBRARY = "libc++";
				CLANG_ENABLE_MODULES = YES;
				CLANG_ENABLE_OBJC_ARC = YES;
				CLANG_ENABLE_OBJC_WEAK = YES;
				CLANG_WARN_BLOCK_CAPTURE_AUTORELEASING = YES;
				CLANG_WARN_BOOL_CONVERSION = YES;
				CLANG_WARN_COMMA = YES;
				CLANG_WARN_CONSTANT_CONVERSION = YES;
				CLANG_WARN_DEPRECATED_OBJC_IMPLEMENTATIONS = YES;
				CLANG_WARN_DIRECT_OBJC_ISA_USAGE = YES_ERROR;
				CLANG_WARN_DOCUMENTATION_COMMENTS = YES;
				CLANG_WARN_EMPTY_BODY = YES;
				CLANG_WARN_ENUM_CONVERSION = YES;
				CLANG_WARN_INFINITE_RECURSION = YES;
				CLANG_WARN_INT_CONVERSION = YES;
				CLANG_WARN_NON_LITERAL_NULL_CONVERSION = YES;
				CLANG_WARN_OBJC_IMPLICIT_RETAIN_SELF = YES;
				CLANG_WARN_OBJC_LITERAL_CONVERSION = YES;
				CLANG_WARN_OBJC_ROOT_CLASS = YES_ERROR;
				CLANG_WARN_QUOTED_INCLUDE_IN_FRAMEWORK_HEADER = YES;
				CLANG_WARN_RANGE_LOOP_ANALYSIS = YES;
				CLANG_WARN_STRICT_PROTOTYPES = YES;
				CLANG_WARN_SUSPICIOUS_MOVE = YES;
				CLANG_WARN_UNGUARDED_AVAILABILITY = YES_AGGRESSIVE;
				CLANG_WARN_UNREACHABLE_CODE = YES;
				CLANG_WARN__DUPLICATE_METHOD_MATCH = YES;
				COPY_PHASE_STRIP = NO;
				DEBUG_INFORMATION_FORMAT = "dwarf-with-dsym";
				ENABLE_NS_ASSERTIONS = NO;
				ENABLE_STRICT_OBJC_MSGSEND = YES;
				GCC_C_LANGUAGE_STANDARD = gnu11;
				GCC_NO_COMMON_BLOCKS = YES;
				GCC_WARN_64_TO_32_BIT_CONVERSION = YES;
				GCC_WARN_ABOUT_RETURN_TYPE = YES_ERROR;
				GCC_WARN_UNDECLARED_SELECTOR = YES;
				GCC_WARN_UNINITIALIZED_AUTOS = YES_AGGRESSIVE;
				GCC_WARN_UNUSED_FUNCTION = YES;
				GCC_WARN_UNUSED_VARIABLE = YES;
				IPHONEOS_DEPLOYMENT_TARGET = 14.4;
				MTL_ENABLE_DEBUG_INFO = NO;
				MTL_FAST_MATH = YES;
				SDKROOT = iphoneos;
				SWIFT_COMPILATION_MODE = wholemodule;
				SWIFT_OPTIMIZATION_LEVEL = "-O";
				VALIDATE_PRODUCT = YES;
			};
			name = Release;
		};
		89256B5925DEE0FC00E567F0 /* Debug */ = {
			isa = XCBuildConfiguration;
			buildSettings = {
				ASSETCATALOG_COMPILER_APPICON_NAME = AppIcon;
				ASSETCATALOG_COMPILER_GLOBAL_ACCENT_COLOR_NAME = AccentColor;
				CODE_SIGN_ENTITLEMENTS = "Nano-05/Nano-05.entitlements";
				CODE_SIGN_STYLE = Automatic;
				DEVELOPMENT_TEAM = 345TT87MMY;
				INFOPLIST_FILE = "Nano-05/Info.plist";
				IPHONEOS_DEPLOYMENT_TARGET = 13.0;
				LD_RUNPATH_SEARCH_PATHS = (
					"$(inherited)",
					"@executable_path/Frameworks",
				);
				MARKETING_VERSION = 1.01;
				PRODUCT_BUNDLE_IDENTIFIER = RogerioLucon.InformeHIV;
				PRODUCT_NAME = "$(TARGET_NAME)";
				SWIFT_VERSION = 5.0;
				TARGETED_DEVICE_FAMILY = 1;
			};
			name = Debug;
		};
		89256B5A25DEE0FC00E567F0 /* Release */ = {
			isa = XCBuildConfiguration;
			buildSettings = {
				ASSETCATALOG_COMPILER_APPICON_NAME = AppIcon;
				ASSETCATALOG_COMPILER_GLOBAL_ACCENT_COLOR_NAME = AccentColor;
				CODE_SIGN_ENTITLEMENTS = "Nano-05/Nano-05.entitlements";
				CODE_SIGN_STYLE = Automatic;
				DEVELOPMENT_TEAM = 345TT87MMY;
				INFOPLIST_FILE = "Nano-05/Info.plist";
				IPHONEOS_DEPLOYMENT_TARGET = 13.0;
				LD_RUNPATH_SEARCH_PATHS = (
					"$(inherited)",
					"@executable_path/Frameworks",
				);
				MARKETING_VERSION = 1.01;
				PRODUCT_BUNDLE_IDENTIFIER = RogerioLucon.InformeHIV;
				PRODUCT_NAME = "$(TARGET_NAME)";
				SWIFT_VERSION = 5.0;
				TARGETED_DEVICE_FAMILY = 1;
			};
			name = Release;
		};
/* End XCBuildConfiguration section */

/* Begin XCConfigurationList section */
		89256B3F25DEE0FB00E567F0 /* Build configuration list for PBXProject "Nano-05" */ = {
			isa = XCConfigurationList;
			buildConfigurations = (
				89256B5625DEE0FC00E567F0 /* Debug */,
				89256B5725DEE0FC00E567F0 /* Release */,
			);
			defaultConfigurationIsVisible = 0;
			defaultConfigurationName = Release;
		};
		89256B5825DEE0FC00E567F0 /* Build configuration list for PBXNativeTarget "Nano-05" */ = {
			isa = XCConfigurationList;
			buildConfigurations = (
				89256B5925DEE0FC00E567F0 /* Debug */,
				89256B5A25DEE0FC00E567F0 /* Release */,
			);
			defaultConfigurationIsVisible = 0;
			defaultConfigurationName = Release;
		};
/* End XCConfigurationList section */
	};
	rootObject = 89256B3C25DEE0FB00E567F0 /* Project object */;
}
